
Microsoft Visual Studio Solution File, Format Version 12.00
# Visual Studio 15
VisualStudioVersion = 15.0.28010.2026
MinimumVisualStudioVersion = 10.0.40219.1
Project("{FAE04EC0-301F-11D3-BF4B-00C04F79EFBC}") = "ExpenseIt", "ExpenseIt\ExpenseIt.csproj", "{794F4FB9-FFDC-4922-ADE9-77A495E55FB9}"
EndProject
Global
	GlobalSection(SolutionConfigurationPlatforms) = preSolution
		Debug|Default = Debug|Default
		Release|Default = Release|Default
	EndGlobalSection
	GlobalSection(ProjectConfigurationPlatforms) = postSolution
		{794F4FB9-FFDC-4922-ADE9-77A495E55FB9}.Debug|Default.ActiveCfg = Debug|Any CPU
		{794F4FB9-FFDC-4922-ADE9-77A495E55FB9}.Debug|Default.Build.0 = Debug|Any CPU
		{794F4FB9-FFDC-4922-ADE9-77A495E55FB9}.Release|Default.ActiveCfg = Release|Any CPU
		{794F4FB9-FFDC-4922-ADE9-77A495E55FB9}.Release|Default.Build.0 = Release|Any CPU
	EndGlobalSection
	GlobalSection(SolutionProperties) = preSolution
		HideSolutionNode = FALSE
	EndGlobalSection
	GlobalSection(ExtensibilityGlobals) = postSolution
		SolutionGuid = {7DB33E39-2E4F-4E4E-9572-3F8739C54F82}
	EndGlobalSection
EndGlobal
